dependencies:
  espressif/esp-dsp:
    component_hash: 3e7bbd487f1357a1d4944d0c85966d049501ea281b8a4c7f93f7cfedd5b7f23d
    dependencies:
    - name: idf
      require: private
      version: '>=4.2'
    source:
      registry_url: https://components.espressif.com/
      type: service
    version: 1.4.12
  espressif/esp_websocket_client:
    component_hash: dc00233af846f3a744ada283a300e0d586040aadc3ee67361645ecdce4523672
    dependencies:
    - name: idf
      require: private
      version: '>=5.0'
    source:
      registry_url: https://components.espressif.com/
      type: service
    version: 1.8.0
  espressif/jsmn:
    component_hash: d80350c41bbaa827c98a25b6072df00884e72f54885996fab4a4f0aebce6b6c3
    dependencies:
    - name: idf
      require: private
      version: '>=4.3'
    source:
      registry_url: https://components.espressif.com/
      type: service
    version: 1.1.0
  espressif/mdns:
    component_hash: 3ba256ac95e07c274be53cbd73f06cb846c403b61e8fbdf1be57bdb79db7a63e
    dependencies:
    - name: idf
      require: private
      version: '>=5.0'
    source:
      registry_url: https://components.espressif.com/
      type: service
    version: 1.12.0
  espressif/nghttp:
    component_hash: e0429dc6ecf6fdfab077a52c3eb5846c1c4a4a6d969633e8d1227b438b78530a
    dependencies:
    - name: idf
      require: private
      version: '>=5.0'
    source:
      registry_url: https://components.espressif.com/
      type: service
    version: 1.69.0
  idf:
    source:
      type: idf
    version: 5.3.1
  joltwallet/littlefs:
    component_hash: 3af20a3d75c49db9dc2286fd50862c34055c9f578419ad1f2bf7ed3ed01391fe
    dependencies:
    - name: idf
      require: private
      version: '>=5.0'
    source:
      registry_url: https://components.espressif.com/
      type: service
    version: 1.22.3
  micro-flac:
    dependencies: []
    source:
      path: /home/florian/workspace_3/lan8720/components/micro-flac
      type: local
    version: 0.2.1
direct_dependencies:
- esphome/micro-flac
- espressif/esp-dsp
- espressif/esp_websocket_client
- espressif/jsmn
- espressif/mdns
- espressif/nghttp
- idf
- joltwallet/littlefs
manifest_hash: e37de47a47c97714e841b9c1240e79ab0b7edd7325b2e6130e44852827eeb0c1
target: esp32
version: 2.0.0
